{
  "version": "5",
  "remote": {
    "https://edge.netlify.com/": "fd941d61d88673d5f28aab283fb86fcc50f08a3bc80ee5470498fcfa88c65cfb",
    "https://edge.netlify.com/bootstrap/config.ts": "6a2ce0e544e15e8f8883a5c18da5948e37fd0f2619f68cb31f3af53c51817025",
    "https://edge.netlify.com/bootstrap/context.ts": "72496497b40d9e808f419efc764ecb438952a32f61ed94cd54952fc59f17f69d",
    "https://edge.netlify.com/bootstrap/cookie.ts": "8b0baae708989ca183c6f3b4ab3d029e6abcbc2e43f93edeb0ff447b3bbc3a05",
    "https://edge.netlify.com/bootstrap/edge_function.ts": "b8253e86aa83c67341f5cfedeba5049d77fbf84dcab7eceff7566b7728ae9b39",
    "https://edge.netlify.com/bootstrap/globals/types.ts": "eaa6148ded3121d8dee62dd91c86e7fe76601df0f3ca8d7962243a30f4c8935f"
  },
  "workspace": {
    "packageJson": {
      "dependencies": [
        "npm:@calcom/embed-react@^1.5.3",
        "npm:@clerk/clerk-react@^5.56.0",
        "npm:@google/genai@^1.30.0",
        "npm:@google/generative-ai@0.21",
        "npm:@netlify/functions@^2.6.0",
        "npm:@supabase/supabase-js@^2.83.0",
        "npm:@tailwindcss/postcss@^4.1.17",
        "npm:@types/node@^20.11.24",
        "npm:@types/react-dom@^19.2.3",
        "npm:@types/react@^19.2.7",
        "npm:@vitejs/plugin-react@^5.1.1",
        "npm:autoprefixer@^10.4.22",
        "npm:axios@^1.13.2",
        "npm:cheerio@^1.1.2",
        "npm:clsx@^2.1.1",
        "npm:dotenv@^16.4.5",
        "npm:google-tts-api@^2.0.2",
        "npm:googleapis@^171.2.0",
        "npm:lambda-multipart-parser@^1.0.1",
        "npm:lucide-react@0.554",
        "npm:openai@^6.10.0",
        "npm:pdf-parse@^2.4.5",
        "npm:pdfjs-dist@^5.4.394",
        "npm:postcss@^8.5.6",
        "npm:react-dom@^19.2.0",
        "npm:react-router-dom@^7.9.6",
        "npm:react@^19.2.0",
        "npm:sharp@~0.34.5",
        "npm:tailwind-merge@^3.4.0",
        "npm:tailwindcss@^4.1.17",
        "npm:twilio@^4.23.0",
        "npm:typescript@^5.3.3",
        "npm:vite@^7.2.2",
        "npm:zod@^4.3.5"
      ]
    }
  }
}
